
Microsoft Visual Studio Solution File, Format Version 12.00
# Visual Studio 14
VisualStudioVersion = 14.0.25420.1
MinimumVisualStudioVersion = 10.0.40219.1
Project("{FAE04EC0-301F-11D3-BF4B-00C04F79EFBC}") = "Castle.Windsor.Extensions.Test", "Castle.Windsor.Extensions.Test\Castle.Windsor.Extensions.Test.csproj", "{2871BB28-755D-407D-AB5B-64E2CAF7A643}"
EndProject
Project("{FAE04EC0-301F-11D3-BF4B-00C04F79EFBC}") = "Castle.Windsor.Extensions", "Castle.Windsor.Extensions\Castle.Windsor.Extensions.csproj", "{F6B837CA-56B5-4CC9-BEFC-D5BCC86EE65E}"
EndProject
Project("{FAE04EC0-301F-11D3-BF4B-00C04F79EFBC}") = "Castle.Core", "..\..\CastleCore\src\Castle.Core\Castle.Core.csproj", "{E4FA5B53-7D36-429E-8E5C-53D5479242BA}"
EndProject
Project("{FAE04EC0-301F-11D3-BF4B-00C04F79EFBC}") = "Castle.Windsor", "..\..\CastleWindsor\src\Castle.Windsor\Castle.Windsor.csproj", "{60EFCB9B-E3FF-46A5-A2D2-D9F0EF75D5FE}"
EndProject
Global
	GlobalSection(SolutionConfigurationPlatforms) = preSolution
		Debug|Any CPU = Debug|Any CPU
		Debug|x64 = Debug|x64
		Debug|x86 = Debug|x86
		MONO26-Debug|Any CPU = MONO26-Debug|Any CPU
		MONO26-Debug|x64 = MONO26-Debug|x64
		MONO26-Debug|x86 = MONO26-Debug|x86
		MONO26-Release|Any CPU = MONO26-Release|Any CPU
		MONO26-Release|x64 = MONO26-Release|x64
		MONO26-Release|x86 = MONO26-Release|x86
		MONO28-Debug|Any CPU = MONO28-Debug|Any CPU
		MONO28-Debug|x64 = MONO28-Debug|x64
		MONO28-Debug|x86 = MONO28-Debug|x86
		MONO28-Release|Any CPU = MONO28-Release|Any CPU
		MONO28-Release|x64 = MONO28-Release|x64
		MONO28-Release|x86 = MONO28-Release|x86
		NET35-Debug|Any CPU = NET35-Debug|Any CPU
		NET35-Debug|x64 = NET35-Debug|x64
		NET35-Debug|x86 = NET35-Debug|x86
		NET35-Release|Any CPU = NET35-Release|Any CPU
		NET35-Release|x64 = NET35-Release|x64
		NET35-Release|x86 = NET35-Release|x86
		NET40CP-Debug|Any CPU = NET40CP-Debug|Any CPU
		NET40CP-Debug|x64 = NET40CP-Debug|x64
		NET40CP-Debug|x86 = NET40CP-Debug|x86
		NET40CP-Release|Any CPU = NET40CP-Release|Any CPU
		NET40CP-Release|x64 = NET40CP-Release|x64
		NET40CP-Release|x86 = NET40CP-Release|x86
		NET40-Debug|Any CPU = NET40-Debug|Any CPU
		NET40-Debug|x64 = NET40-Debug|x64
		NET40-Debug|x86 = NET40-Debug|x86
		NET40-Release|Any CPU = NET40-Release|Any CPU
		NET40-Release|x64 = NET40-Release|x64
		NET40-Release|x86 = NET40-Release|x86
		Release|Any CPU = Release|Any CPU
		Release|x64 = Release|x64
		Release|x86 = Release|x86
		SL40-Debug|Any CPU = SL40-Debug|Any CPU
		SL40-Debug|x64 = SL40-Debug|x64
		SL40-Debug|x86 = SL40-Debug|x86
		SL40-Release|Any CPU = SL40-Release|Any CPU
		SL40-Release|x64 = SL40-Release|x64
		SL40-Release|x86 = SL40-Release|x86
		SL4-Debug|Any CPU = SL4-Debug|Any CPU
		SL4-Debug|x64 = SL4-Debug|x64
		SL4-Debug|x86 = SL4-Debug|x86
		SL4-Release|Any CPU = SL4-Release|Any CPU
		SL4-Release|x64 = SL4-Release|x64
		SL4-Release|x86 = SL4-Release|x86
	EndGlobalSection
	GlobalSection(ProjectConfigurationPlatforms) = postSolution
		{2871BB28-755D-407D-AB5B-64E2CAF7A643}.Debug|Any CPU.ActiveCfg = Debug|Any CPU
		{2871BB28-755D-407D-AB5B-64E2CAF7A643}.Debug|Any CPU.Build.0 = Debug|Any CPU
		{2871BB28-755D-407D-AB5B-64E2CAF7A643}.Debug|x64.ActiveCfg = Debug|x64
		{2871BB28-755D-407D-AB5B-64E2CAF7A643}.Debug|x64.Build.0 = Debug|x64
		{2871BB28-755D-407D-AB5B-64E2CAF7A643}.Debug|x86.ActiveCfg = Debug|x86
		{2871BB28-755D-407D-AB5B-64E2CAF7A643}.Debug|x86.Build.0 = Debug|x86
		{2871BB28-755D-407D-AB5B-64E2CAF7A643}.MONO26-Debug|Any CPU.ActiveCfg = Debug|Any CPU
		{2871BB28-755D-407D-AB5B-64E2CAF7A643}.MONO26-Debug|Any CPU.Build.0 = Debug|Any CPU
		{2871BB28-755D-407D-AB5B-64E2CAF7A643}.MONO26-Debug|x64.ActiveCfg = Debug|x64
		{2871BB28-755D-407D-AB5B-64E2CAF7A643}.MONO26-Debug|x64.Build.0 = Debug|x64
		{2871BB28-755D-407D-AB5B-64E2CAF7A643}.MONO26-Debug|x86.ActiveCfg = Debug|x86
		{2871BB28-755D-407D-AB5B-64E2CAF7A643}.MONO26-Debug|x86.Build.0 = Debug|x86
		{2871BB28-755D-407D-AB5B-64E2CAF7A643}.MONO26-Release|Any CPU.ActiveCfg = Release|Any CPU
		{2871BB28-755D-407D-AB5B-64E2CAF7A643}.MONO26-Release|Any CPU.Build.0 = Release|Any CPU
		{2871BB28-755D-407D-AB5B-64E2CAF7A643}.MONO26-Release|x64.ActiveCfg = Release|x64
		{2871BB28-755D-407D-AB5B-64E2CAF7A643}.MONO26-Release|x64.Build.0 = Release|x64
		{2871BB28-755D-407D-AB5B-64E2CAF7A643}.MONO26-Release|x86.ActiveCfg = Release|x86
		{2871BB28-755D-407D-AB5B-64E2CAF7A643}.MONO26-Release|x86.Build.0 = Release|x86
		{2871BB28-755D-407D-AB5B-64E2CAF7A643}.MONO28-Debug|Any CPU.ActiveCfg = Debug|Any CPU
		{2871BB28-755D-407D-AB5B-64E2CAF7A643}.MONO28-Debug|Any CPU.Build.0 = Debug|Any CPU
		{2871BB28-755D-407D-AB5B-64E2CAF7A643}.MONO28-Debug|x64.ActiveCfg = Debug|x64
		{2871BB28-755D-407D-AB5B-64E2CAF7A643}.MONO28-Debug|x64.Build.0 = Debug|x64
		{2871BB28-755D-407D-AB5B-64E2CAF7A643}.MONO28-Debug|x86.ActiveCfg = Debug|x86
		{2871BB28-755D-407D-AB5B-64E2CAF7A643}.MONO28-Debug|x86.Build.0 = Debug|x86
		{2871BB28-755D-407D-AB5B-64E2CAF7A643}.MONO28-Release|Any CPU.ActiveCfg = Release|Any CPU
		{2871BB28-755D-407D-AB5B-64E2CAF7A643}.MONO28-Release|Any CPU.Build.0 = Release|Any CPU
		{2871BB28-755D-407D-AB5B-64E2CAF7A643}.MONO28-Release|x64.ActiveCfg = Release|x64
		{2871BB28-755D-407D-AB5B-64E2CAF7A643}.MONO28-Release|x64.Build.0 = Release|x64
		{2871BB28-755D-407D-AB5B-64E2CAF7A643}.MONO28-Release|x86.ActiveCfg = Release|x86
		{2871BB28-755D-407D-AB5B-64E2CAF7A643}.MONO28-Release|x86.Build.0 = Release|x86
		{2871BB28-755D-407D-AB5B-64E2CAF7A643}.NET35-Debug|Any CPU.ActiveCfg = Debug|Any CPU
		{2871BB28-755D-407D-AB5B-64E2CAF7A643}.NET35-Debug|Any CPU.Build.0 = Debug|Any CPU
		{2871BB28-755D-407D-AB5B-64E2CAF7A643}.NET35-Debug|x64.ActiveCfg = Debug|x64
		{2871BB28-755D-407D-AB5B-64E2CAF7A643}.NET35-Debug|x64.Build.0 = Debug|x64
		{2871BB28-755D-407D-AB5B-64E2CAF7A643}.NET35-Debug|x86.ActiveCfg = Debug|x86
		{2871BB28-755D-407D-AB5B-64E2CAF7A643}.NET35-Debug|x86.Build.0 = Debug|x86
		{2871BB28-755D-407D-AB5B-64E2CAF7A643}.NET35-Release|Any CPU.ActiveCfg = Release|Any CPU
		{2871BB28-755D-407D-AB5B-64E2CAF7A643}.NET35-Release|Any CPU.Build.0 = Release|Any CPU
		{2871BB28-755D-407D-AB5B-64E2CAF7A643}.NET35-Release|x64.ActiveCfg = Release|x64
		{2871BB28-755D-407D-AB5B-64E2CAF7A643}.NET35-Release|x64.Build.0 = Release|x64
		{2871BB28-755D-407D-AB5B-64E2CAF7A643}.NET35-Release|x86.ActiveCfg = Release|x86
		{2871BB28-755D-407D-AB5B-64E2CAF7A643}.NET35-Release|x86.Build.0 = Release|x86
		{2871BB28-755D-407D-AB5B-64E2CAF7A643}.NET40CP-Debug|Any CPU.ActiveCfg = Debug|Any CPU
		{2871BB28-755D-407D-AB5B-64E2CAF7A643}.NET40CP-Debug|Any CPU.Build.0 = Debug|Any CPU
		{2871BB28-755D-407D-AB5B-64E2CAF7A643}.NET40CP-Debug|x64.ActiveCfg = Debug|x64
		{2871BB28-755D-407D-AB5B-64E2CAF7A643}.NET40CP-Debug|x64.Build.0 = Debug|x64
		{2871BB28-755D-407D-AB5B-64E2CAF7A643}.NET40CP-Debug|x86.ActiveCfg = Debug|x86
		{2871BB28-755D-407D-AB5B-64E2CAF7A643}.NET40CP-Debug|x86.Build.0 = Debug|x86
		{2871BB28-755D-407D-AB5B-64E2CAF7A643}.NET40CP-Release|Any CPU.ActiveCfg = Release|Any CPU
		{2871BB28-755D-407D-AB5B-64E2CAF7A643}.NET40CP-Release|Any CPU.Build.0 = Release|Any CPU
		{2871BB28-755D-407D-AB5B-64E2CAF7A643}.NET40CP-Release|x64.ActiveCfg = Release|x64
		{2871BB28-755D-407D-AB5B-64E2CAF7A643}.NET40CP-Release|x64.Build.0 = Release|x64
		{2871BB28-755D-407D-AB5B-64E2CAF7A643}.NET40CP-Release|x86.ActiveCfg = Release|x86
		{2871BB28-755D-407D-AB5B-64E2CAF7A643}.NET40CP-Release|x86.Build.0 = Release|x86
		{2871BB28-755D-407D-AB5B-64E2CAF7A643}.NET40-Debug|Any CPU.ActiveCfg = Debug|Any CPU
		{2871BB28-755D-407D-AB5B-64E2CAF7A643}.NET40-Debug|Any CPU.Build.0 = Debug|Any CPU
		{2871BB28-755D-407D-AB5B-64E2CAF7A643}.NET40-Debug|x64.ActiveCfg = Debug|x64
		{2871BB28-755D-407D-AB5B-64E2CAF7A643}.NET40-Debug|x64.Build.0 = Debug|x64
		{2871BB28-755D-407D-AB5B-64E2CAF7A643}.NET40-Debug|x86.ActiveCfg = Debug|x86
		{2871BB28-755D-407D-AB5B-64E2CAF7A643}.NET40-Debug|x86.Build.0 = Debug|x86
		{2871BB28-755D-407D-AB5B-64E2CAF7A643}.NET40-Release|Any CPU.ActiveCfg = Release|Any CPU
		{2871BB28-755D-407D-AB5B-64E2CAF7A643}.NET40-Release|Any CPU.Build.0 = Release|Any CPU
		{2871BB28-755D-407D-AB5B-64E2CAF7A643}.NET40-Release|x64.ActiveCfg = Release|x64
		{2871BB28-755D-407D-AB5B-64E2CAF7A643}.NET40-Release|x64.Build.0 = Release|x64
		{2871BB28-755D-407D-AB5B-64E2CAF7A643}.NET40-Release|x86.ActiveCfg = Release|x86
		{2871BB28-755D-407D-AB5B-64E2CAF7A643}.NET40-Release|x86.Build.0 = Release|x86
		{2871BB28-755D-407D-AB5B-64E2CAF7A643}.Release|Any CPU.ActiveCfg = Release|Any CPU
		{2871BB28-755D-407D-AB5B-64E2CAF7A643}.Release|Any CPU.Build.0 = Release|Any CPU
		{2871BB28-755D-407D-AB5B-64E2CAF7A643}.Release|x64.ActiveCfg = Release|x64
		{2871BB28-755D-407D-AB5B-64E2CAF7A643}.Release|x64.Build.0 = Release|x64
		{2871BB28-755D-407D-AB5B-64E2CAF7A643}.Release|x86.ActiveCfg = Release|x86
		{2871BB28-755D-407D-AB5B-64E2CAF7A643}.Release|x86.Build.0 = Release|x86
		{2871BB28-755D-407D-AB5B-64E2CAF7A643}.SL40-Debug|Any CPU.ActiveCfg = Debug|Any CPU
		{2871BB28-755D-407D-AB5B-64E2CAF7A643}.SL40-Debug|Any CPU.Build.0 = Debug|Any CPU
		{2871BB28-755D-407D-AB5B-64E2CAF7A643}.SL40-Debug|x64.ActiveCfg = Debug|x64
		{2871BB28-755D-407D-AB5B-64E2CAF7A643}.SL40-Debug|x64.Build.0 = Debug|x64
		{2871BB28-755D-407D-AB5B-64E2CAF7A643}.SL40-Debug|x86.ActiveCfg = Debug|x86
		{2871BB28-755D-407D-AB5B-64E2CAF7A643}.SL40-Debug|x86.Build.0 = Debug|x86
		{2871BB28-755D-407D-AB5B-64E2CAF7A643}.SL40-Release|Any CPU.ActiveCfg = Release|Any CPU
		{2871BB28-755D-407D-AB5B-64E2CAF7A643}.SL40-Release|Any CPU.Build.0 = Release|Any CPU
		{2871BB28-755D-407D-AB5B-64E2CAF7A643}.SL40-Release|x64.ActiveCfg = Release|x64
		{2871BB28-755D-407D-AB5B-64E2CAF7A643}.SL40-Release|x64.Build.0 = Release|x64
		{2871BB28-755D-407D-AB5B-64E2CAF7A643}.SL40-Release|x86.ActiveCfg = Release|x86
		{2871BB28-755D-407D-AB5B-64E2CAF7A643}.SL40-Release|x86.Build.0 = Release|x86
		{2871BB28-755D-407D-AB5B-64E2CAF7A643}.SL4-Debug|Any CPU.ActiveCfg = Debug|Any CPU
		{2871BB28-755D-407D-AB5B-64E2CAF7A643}.SL4-Debug|Any CPU.Build.0 = Debug|Any CPU
		{2871BB28-755D-407D-AB5B-64E2CAF7A643}.SL4-Debug|x64.ActiveCfg = Debug|x64
		{2871BB28-755D-407D-AB5B-64E2CAF7A643}.SL4-Debug|x64.Build.0 = Debug|x64
		{2871BB28-755D-407D-AB5B-64E2CAF7A643}.SL4-Debug|x86.ActiveCfg = Debug|x86
		{2871BB28-755D-407D-AB5B-64E2CAF7A643}.SL4-Debug|x86.Build.0 = Debug|x86
		{2871BB28-755D-407D-AB5B-64E2CAF7A643}.SL4-Release|Any CPU.ActiveCfg = Release|Any CPU
		{2871BB28-755D-407D-AB5B-64E2CAF7A643}.SL4-Release|Any CPU.Build.0 = Release|Any CPU
		{2871BB28-755D-407D-AB5B-64E2CAF7A643}.SL4-Release|x64.ActiveCfg = Release|x64
		{2871BB28-755D-407D-AB5B-64E2CAF7A643}.SL4-Release|x64.Build.0 = Release|x64
		{2871BB28-755D-407D-AB5B-64E2CAF7A643}.SL4-Release|x86.ActiveCfg = Release|x86
		{2871BB28-755D-407D-AB5B-64E2CAF7A643}.SL4-Release|x86.Build.0 = Release|x86
		{F6B837CA-56B5-4CC9-BEFC-D5BCC86EE65E}.Debug|Any CPU.ActiveCfg = Debug|Any CPU
		{F6B837CA-56B5-4CC9-BEFC-D5BCC86EE65E}.Debug|Any CPU.Build.0 = Debug|Any CPU
		{F6B837CA-56B5-4CC9-BEFC-D5BCC86EE65E}.Debug|x64.ActiveCfg = Debug|x64
		{F6B837CA-56B5-4CC9-BEFC-D5BCC86EE65E}.Debug|x64.Build.0 = Debug|x64
		{F6B837CA-56B5-4CC9-BEFC-D5BCC86EE65E}.Debug|x86.ActiveCfg = Debug|x86
		{F6B837CA-56B5-4CC9-BEFC-D5BCC86EE65E}.Debug|x86.Build.0 = Debug|x86
		{F6B837CA-56B5-4CC9-BEFC-D5BCC86EE65E}.MONO26-Debug|Any CPU.ActiveCfg = Debug|Any CPU
		{F6B837CA-56B5-4CC9-BEFC-D5BCC86EE65E}.MONO26-Debug|Any CPU.Build.0 = Debug|Any CPU
		{F6B837CA-56B5-4CC9-BEFC-D5BCC86EE65E}.MONO26-Debug|x64.ActiveCfg = Debug|x64
		{F6B837CA-56B5-4CC9-BEFC-D5BCC86EE65E}.MONO26-Debug|x64.Build.0 = Debug|x64
		{F6B837CA-56B5-4CC9-BEFC-D5BCC86EE65E}.MONO26-Debug|x86.ActiveCfg = Debug|x86
		{F6B837CA-56B5-4CC9-BEFC-D5BCC86EE65E}.MONO26-Debug|x86.Build.0 = Debug|x86
		{F6B837CA-56B5-4CC9-BEFC-D5BCC86EE65E}.MONO26-Release|Any CPU.ActiveCfg = Release|Any CPU
		{F6B837CA-56B5-4CC9-BEFC-D5BCC86EE65E}.MONO26-Release|Any CPU.Build.0 = Release|Any CPU
		{F6B837CA-56B5-4CC9-BEFC-D5BCC86EE65E}.MONO26-Release|x64.ActiveCfg = Release|x64
		{F6B837CA-56B5-4CC9-BEFC-D5BCC86EE65E}.MONO26-Release|x64.Build.0 = Release|x64
		{F6B837CA-56B5-4CC9-BEFC-D5BCC86EE65E}.MONO26-Release|x86.ActiveCfg = Release|x86
		{F6B837CA-56B5-4CC9-BEFC-D5BCC86EE65E}.MONO26-Release|x86.Build.0 = Release|x86
		{F6B837CA-56B5-4CC9-BEFC-D5BCC86EE65E}.MONO28-Debug|Any CPU.ActiveCfg = Debug|Any CPU
		{F6B837CA-56B5-4CC9-BEFC-D5BCC86EE65E}.MONO28-Debug|Any CPU.Build.0 = Debug|Any CPU
		{F6B837CA-56B5-4CC9-BEFC-D5BCC86EE65E}.MONO28-Debug|x64.ActiveCfg = Debug|x64
		{F6B837CA-56B5-4CC9-BEFC-D5BCC86EE65E}.MONO28-Debug|x64.Build.0 = Debug|x64
		{F6B837CA-56B5-4CC9-BEFC-D5BCC86EE65E}.MONO28-Debug|x86.ActiveCfg = Debug|x86
		{F6B837CA-56B5-4CC9-BEFC-D5BCC86EE65E}.MONO28-Debug|x86.Build.0 = Debug|x86
		{F6B837CA-56B5-4CC9-BEFC-D5BCC86EE65E}.MONO28-Release|Any CPU.ActiveCfg = Release|Any CPU
		{F6B837CA-56B5-4CC9-BEFC-D5BCC86EE65E}.MONO28-Release|Any CPU.Build.0 = Release|Any CPU
		{F6B837CA-56B5-4CC9-BEFC-D5BCC86EE65E}.MONO28-Release|x64.ActiveCfg = Release|x64
		{F6B837CA-56B5-4CC9-BEFC-D5BCC86EE65E}.MONO28-Release|x64.Build.0 = Release|x64
		{F6B837CA-56B5-4CC9-BEFC-D5BCC86EE65E}.MONO28-Release|x86.ActiveCfg = Release|x86
		{F6B837CA-56B5-4CC9-BEFC-D5BCC86EE65E}.MONO28-Release|x86.Build.0 = Release|x86
		{F6B837CA-56B5-4CC9-BEFC-D5BCC86EE65E}.NET35-Debug|Any CPU.ActiveCfg = Debug|Any CPU
		{F6B837CA-56B5-4CC9-BEFC-D5BCC86EE65E}.NET35-Debug|Any CPU.Build.0 = Debug|Any CPU
		{F6B837CA-56B5-4CC9-BEFC-D5BCC86EE65E}.NET35-Debug|x64.ActiveCfg = Debug|x64
		{F6B837CA-56B5-4CC9-BEFC-D5BCC86EE65E}.NET35-Debug|x64.Build.0 = Debug|x64
		{F6B837CA-56B5-4CC9-BEFC-D5BCC86EE65E}.NET35-Debug|x86.ActiveCfg = Debug|x86
		{F6B837CA-56B5-4CC9-BEFC-D5BCC86EE65E}.NET35-Debug|x86.Build.0 = Debug|x86
		{F6B837CA-56B5-4CC9-BEFC-D5BCC86EE65E}.NET35-Release|Any CPU.ActiveCfg = Release|Any CPU
		{F6B837CA-56B5-4CC9-BEFC-D5BCC86EE65E}.NET35-Release|Any CPU.Build.0 = Release|Any CPU
		{F6B837CA-56B5-4CC9-BEFC-D5BCC86EE65E}.NET35-Release|x64.ActiveCfg = Release|x64
		{F6B837CA-56B5-4CC9-BEFC-D5BCC86EE65E}.NET35-Release|x64.Build.0 = Release|x64
		{F6B837CA-56B5-4CC9-BEFC-D5BCC86EE65E}.NET35-Release|x86.ActiveCfg = Release|x86
		{F6B837CA-56B5-4CC9-BEFC-D5BCC86EE65E}.NET35-Release|x86.Build.0 = Release|x86
		{F6B837CA-56B5-4CC9-BEFC-D5BCC86EE65E}.NET40CP-Debug|Any CPU.ActiveCfg = Debug|Any CPU
		{F6B837CA-56B5-4CC9-BEFC-D5BCC86EE65E}.NET40CP-Debug|Any CPU.Build.0 = Debug|Any CPU
		{F6B837CA-56B5-4CC9-BEFC-D5BCC86EE65E}.NET40CP-Debug|x64.ActiveCfg = Debug|x64
		{F6B837CA-56B5-4CC9-BEFC-D5BCC86EE65E}.NET40CP-Debug|x64.Build.0 = Debug|x64
		{F6B837CA-56B5-4CC9-BEFC-D5BCC86EE65E}.NET40CP-Debug|x86.ActiveCfg = Debug|x86
		{F6B837CA-56B5-4CC9-BEFC-D5BCC86EE65E}.NET40CP-Debug|x86.Build.0 = Debug|x86
		{F6B837CA-56B5-4CC9-BEFC-D5BCC86EE65E}.NET40CP-Release|Any CPU.ActiveCfg = Release|Any CPU
		{F6B837CA-56B5-4CC9-BEFC-D5BCC86EE65E}.NET40CP-Release|Any CPU.Build.0 = Release|Any CPU
		{F6B837CA-56B5-4CC9-BEFC-D5BCC86EE65E}.NET40CP-Release|x64.ActiveCfg = Release|x64
		{F6B837CA-56B5-4CC9-BEFC-D5BCC86EE65E}.NET40CP-Release|x64.Build.0 = Release|x64
		{F6B837CA-56B5-4CC9-BEFC-D5BCC86EE65E}.NET40CP-Release|x86.ActiveCfg = Release|x86
		{F6B837CA-56B5-4CC9-BEFC-D5BCC86EE65E}.NET40CP-Release|x86.Build.0 = Release|x86
		{F6B837CA-56B5-4CC9-BEFC-D5BCC86EE65E}.NET40-Debug|Any CPU.ActiveCfg = Debug|Any CPU
		{F6B837CA-56B5-4CC9-BEFC-D5BCC86EE65E}.NET40-Debug|Any CPU.Build.0 = Debug|Any CPU
		{F6B837CA-56B5-4CC9-BEFC-D5BCC86EE65E}.NET40-Debug|x64.ActiveCfg = Debug|x64
		{F6B837CA-56B5-4CC9-BEFC-D5BCC86EE65E}.NET40-Debug|x64.Build.0 = Debug|x64
		{F6B837CA-56B5-4CC9-BEFC-D5BCC86EE65E}.NET40-Debug|x86.ActiveCfg = Debug|x86
		{F6B837CA-56B5-4CC9-BEFC-D5BCC86EE65E}.NET40-Debug|x86.Build.0 = Debug|x86
		{F6B837CA-56B5-4CC9-BEFC-D5BCC86EE65E}.NET40-Release|Any CPU.ActiveCfg = Release|Any CPU
		{F6B837CA-56B5-4CC9-BEFC-D5BCC86EE65E}.NET40-Release|Any CPU.Build.0 = Release|Any CPU
		{F6B837CA-56B5-4CC9-BEFC-D5BCC86EE65E}.NET40-Release|x64.ActiveCfg = Release|x64
		{F6B837CA-56B5-4CC9-BEFC-D5BCC86EE65E}.NET40-Release|x64.Build.0 = Release|x64
		{F6B837CA-56B5-4CC9-BEFC-D5BCC86EE65E}.NET40-Release|x86.ActiveCfg = Release|x86
		{F6B837CA-56B5-4CC9-BEFC-D5BCC86EE65E}.NET40-Release|x86.Build.0 = Release|x86
		{F6B837CA-56B5-4CC9-BEFC-D5BCC86EE65E}.Release|Any CPU.ActiveCfg = Release|Any CPU
		{F6B837CA-56B5-4CC9-BEFC-D5BCC86EE65E}.Release|Any CPU.Build.0 = Release|Any CPU
		{F6B837CA-56B5-4CC9-BEFC-D5BCC86EE65E}.Release|x64.ActiveCfg = Release|x64
		{F6B837CA-56B5-4CC9-BEFC-D5BCC86EE65E}.Release|x64.Build.0 = Release|x64
		{F6B837CA-56B5-4CC9-BEFC-D5BCC86EE65E}.Release|x86.ActiveCfg = Release|x86
		{F6B837CA-56B5-4CC9-BEFC-D5BCC86EE65E}.Release|x86.Build.0 = Release|x86
		{F6B837CA-56B5-4CC9-BEFC-D5BCC86EE65E}.SL40-Debug|Any CPU.ActiveCfg = Debug|Any CPU
		{F6B837CA-56B5-4CC9-BEFC-D5BCC86EE65E}.SL40-Debug|Any CPU.Build.0 = Debug|Any CPU
		{F6B837CA-56B5-4CC9-BEFC-D5BCC86EE65E}.SL40-Debug|x64.ActiveCfg = Debug|x64
		{F6B837CA-56B5-4CC9-BEFC-D5BCC86EE65E}.SL40-Debug|x64.Build.0 = Debug|x64
		{F6B837CA-56B5-4CC9-BEFC-D5BCC86EE65E}.SL40-Debug|x86.ActiveCfg = Debug|x86
		{F6B837CA-56B5-4CC9-BEFC-D5BCC86EE65E}.SL40-Debug|x86.Build.0 = Debug|x86
		{F6B837CA-56B5-4CC9-BEFC-D5BCC86EE65E}.SL40-Release|Any CPU.ActiveCfg = Release|Any CPU
		{F6B837CA-56B5-4CC9-BEFC-D5BCC86EE65E}.SL40-Release|Any CPU.Build.0 = Release|Any CPU
		{F6B837CA-56B5-4CC9-BEFC-D5BCC86EE65E}.SL40-Release|x64.ActiveCfg = Release|x64
		{F6B837CA-56B5-4CC9-BEFC-D5BCC86EE65E}.SL40-Release|x64.Build.0 = Release|x64
		{F6B837CA-56B5-4CC9-BEFC-D5BCC86EE65E}.SL40-Release|x86.ActiveCfg = Release|x86
		{F6B837CA-56B5-4CC9-BEFC-D5BCC86EE65E}.SL40-Release|x86.Build.0 = Release|x86
		{F6B837CA-56B5-4CC9-BEFC-D5BCC86EE65E}.SL4-Debug|Any CPU.ActiveCfg = Debug|Any CPU
		{F6B837CA-56B5-4CC9-BEFC-D5BCC86EE65E}.SL4-Debug|Any CPU.Build.0 = Debug|Any CPU
		{F6B837CA-56B5-4CC9-BEFC-D5BCC86EE65E}.SL4-Debug|x64.ActiveCfg = Debug|x64
		{F6B837CA-56B5-4CC9-BEFC-D5BCC86EE65E}.SL4-Debug|x64.Build.0 = Debug|x64
		{F6B837CA-56B5-4CC9-BEFC-D5BCC86EE65E}.SL4-Debug|x86.ActiveCfg = Debug|x86
		{F6B837CA-56B5-4CC9-BEFC-D5BCC86EE65E}.SL4-Debug|x86.Build.0 = Debug|x86
		{F6B837CA-56B5-4CC9-BEFC-D5BCC86EE65E}.SL4-Release|Any CPU.ActiveCfg = Release|Any CPU
		{F6B837CA-56B5-4CC9-BEFC-D5BCC86EE65E}.SL4-Release|Any CPU.Build.0 = Release|Any CPU
		{F6B837CA-56B5-4CC9-BEFC-D5BCC86EE65E}.SL4-Release|x64.ActiveCfg = Release|x64
		{F6B837CA-56B5-4CC9-BEFC-D5BCC86EE65E}.SL4-Release|x64.Build.0 = Release|x64
		{F6B837CA-56B5-4CC9-BEFC-D5BCC86EE65E}.SL4-Release|x86.ActiveCfg = Release|x86
		{F6B837CA-56B5-4CC9-BEFC-D5BCC86EE65E}.SL4-Release|x86.Build.0 = Release|x86
		{E4FA5B53-7D36-429E-8E5C-53D5479242BA}.Debug|Any CPU.ActiveCfg = NET40-Debug|Any CPU
		{E4FA5B53-7D36-429E-8E5C-53D5479242BA}.Debug|Any CPU.Build.0 = NET40-Debug|Any CPU
		{E4FA5B53-7D36-429E-8E5C-53D5479242BA}.Debug|x64.ActiveCfg = NET40-Debug|Any CPU
		{E4FA5B53-7D36-429E-8E5C-53D5479242BA}.Debug|x64.Build.0 = NET40-Debug|Any CPU
		{E4FA5B53-7D36-429E-8E5C-53D5479242BA}.Debug|x86.ActiveCfg = MONO28-Debug|Any CPU
		{E4FA5B53-7D36-429E-8E5C-53D5479242BA}.Debug|x86.Build.0 = MONO28-Debug|Any CPU
		{E4FA5B53-7D36-429E-8E5C-53D5479242BA}.MONO26-Debug|Any CPU.ActiveCfg = MONO26-Debug|Any CPU
		{E4FA5B53-7D36-429E-8E5C-53D5479242BA}.MONO26-Debug|Any CPU.Build.0 = MONO26-Debug|Any CPU
		{E4FA5B53-7D36-429E-8E5C-53D5479242BA}.MONO26-Debug|x64.ActiveCfg = MONO26-Debug|Any CPU
		{E4FA5B53-7D36-429E-8E5C-53D5479242BA}.MONO26-Debug|x64.Build.0 = MONO26-Debug|Any CPU
		{E4FA5B53-7D36-429E-8E5C-53D5479242BA}.MONO26-Debug|x86.ActiveCfg = MONO26-Debug|Any CPU
		{E4FA5B53-7D36-429E-8E5C-53D5479242BA}.MONO26-Debug|x86.Build.0 = MONO26-Debug|Any CPU
		{E4FA5B53-7D36-429E-8E5C-53D5479242BA}.MONO26-Release|Any CPU.ActiveCfg = MONO26-Release|Any CPU
		{E4FA5B53-7D36-429E-8E5C-53D5479242BA}.MONO26-Release|Any CPU.Build.0 = MONO26-Release|Any CPU
		{E4FA5B53-7D36-429E-8E5C-53D5479242BA}.MONO26-Release|x64.ActiveCfg = MONO26-Release|Any CPU
		{E4FA5B53-7D36-429E-8E5C-53D5479242BA}.MONO26-Release|x64.Build.0 = MONO26-Release|Any CPU
		{E4FA5B53-7D36-429E-8E5C-53D5479242BA}.MONO26-Release|x86.ActiveCfg = MONO26-Release|Any CPU
		{E4FA5B53-7D36-429E-8E5C-53D5479242BA}.MONO26-Release|x86.Build.0 = MONO26-Release|Any CPU
		{E4FA5B53-7D36-429E-8E5C-53D5479242BA}.MONO28-Debug|Any CPU.ActiveCfg = MONO28-Debug|Any CPU
		{E4FA5B53-7D36-429E-8E5C-53D5479242BA}.MONO28-Debug|Any CPU.Build.0 = MONO28-Debug|Any CPU
		{E4FA5B53-7D36-429E-8E5C-53D5479242BA}.MONO28-Debug|x64.ActiveCfg = MONO28-Debug|Any CPU
		{E4FA5B53-7D36-429E-8E5C-53D5479242BA}.MONO28-Debug|x64.Build.0 = MONO28-Debug|Any CPU
		{E4FA5B53-7D36-429E-8E5C-53D5479242BA}.MONO28-Debug|x86.ActiveCfg = MONO28-Debug|Any CPU
		{E4FA5B53-7D36-429E-8E5C-53D5479242BA}.MONO28-Debug|x86.Build.0 = MONO28-Debug|Any CPU
		{E4FA5B53-7D36-429E-8E5C-53D5479242BA}.MONO28-Release|Any CPU.ActiveCfg = MONO28-Release|Any CPU
		{E4FA5B53-7D36-429E-8E5C-53D5479242BA}.MONO28-Release|Any CPU.Build.0 = MONO28-Release|Any CPU
		{E4FA5B53-7D36-429E-8E5C-53D5479242BA}.MONO28-Release|x64.ActiveCfg = MONO28-Release|Any CPU
		{E4FA5B53-7D36-429E-8E5C-53D5479242BA}.MONO28-Release|x64.Build.0 = MONO28-Release|Any CPU
		{E4FA5B53-7D36-429E-8E5C-53D5479242BA}.MONO28-Release|x86.ActiveCfg = MONO28-Release|Any CPU
		{E4FA5B53-7D36-429E-8E5C-53D5479242BA}.MONO28-Release|x86.Build.0 = MONO28-Release|Any CPU
		{E4FA5B53-7D36-429E-8E5C-53D5479242BA}.NET35-Debug|Any CPU.ActiveCfg = NET35-Debug|Any CPU
		{E4FA5B53-7D36-429E-8E5C-53D5479242BA}.NET35-Debug|Any CPU.Build.0 = NET35-Debug|Any CPU
		{E4FA5B53-7D36-429E-8E5C-53D5479242BA}.NET35-Debug|x64.ActiveCfg = NET35-Debug|Any CPU
		{E4FA5B53-7D36-429E-8E5C-53D5479242BA}.NET35-Debug|x64.Build.0 = NET35-Debug|Any CPU
		{E4FA5B53-7D36-429E-8E5C-53D5479242BA}.NET35-Debug|x86.ActiveCfg = NET35-Debug|Any CPU
		{E4FA5B53-7D36-429E-8E5C-53D5479242BA}.NET35-Debug|x86.Build.0 = NET35-Debug|Any CPU
		{E4FA5B53-7D36-429E-8E5C-53D5479242BA}.NET35-Release|Any CPU.ActiveCfg = NET35-Release|Any CPU
		{E4FA5B53-7D36-429E-8E5C-53D5479242BA}.NET35-Release|Any CPU.Build.0 = NET35-Release|Any CPU
		{E4FA5B53-7D36-429E-8E5C-53D5479242BA}.NET35-Release|x64.ActiveCfg = NET35-Release|Any CPU
		{E4FA5B53-7D36-429E-8E5C-53D5479242BA}.NET35-Release|x64.Build.0 = NET35-Release|Any CPU
		{E4FA5B53-7D36-429E-8E5C-53D5479242BA}.NET35-Release|x86.ActiveCfg = NET35-Release|Any CPU
		{E4FA5B53-7D36-429E-8E5C-53D5479242BA}.NET35-Release|x86.Build.0 = NET35-Release|Any CPU
		{E4FA5B53-7D36-429E-8E5C-53D5479242BA}.NET40CP-Debug|Any CPU.ActiveCfg = NET40-Release|Any CPU
		{E4FA5B53-7D36-429E-8E5C-53D5479242BA}.NET40CP-Debug|Any CPU.Build.0 = NET40-Release|Any CPU
		{E4FA5B53-7D36-429E-8E5C-53D5479242BA}.NET40CP-Debug|x64.ActiveCfg = NET40-Release|Any CPU
		{E4FA5B53-7D36-429E-8E5C-53D5479242BA}.NET40CP-Debug|x64.Build.0 = NET40-Release|Any CPU
		{E4FA5B53-7D36-429E-8E5C-53D5479242BA}.NET40CP-Debug|x86.ActiveCfg = NET40-Release|Any CPU
		{E4FA5B53-7D36-429E-8E5C-53D5479242BA}.NET40CP-Debug|x86.Build.0 = NET40-Release|Any CPU
		{E4FA5B53-7D36-429E-8E5C-53D5479242BA}.NET40CP-Release|Any CPU.ActiveCfg = NET40-Release|Any CPU
		{E4FA5B53-7D36-429E-8E5C-53D5479242BA}.NET40CP-Release|Any CPU.Build.0 = NET40-Release|Any CPU
		{E4FA5B53-7D36-429E-8E5C-53D5479242BA}.NET40CP-Release|x64.ActiveCfg = NET40-Release|Any CPU
		{E4FA5B53-7D36-429E-8E5C-53D5479242BA}.NET40CP-Release|x64.Build.0 = NET40-Release|Any CPU
		{E4FA5B53-7D36-429E-8E5C-53D5479242BA}.NET40CP-Release|x86.ActiveCfg = NET40-Release|Any CPU
		{E4FA5B53-7D36-429E-8E5C-53D5479242BA}.NET40CP-Release|x86.Build.0 = NET40-Release|Any CPU
		{E4FA5B53-7D36-429E-8E5C-53D5479242BA}.NET40-Debug|Any CPU.ActiveCfg = NET40-Debug|Any CPU
		{E4FA5B53-7D36-429E-8E5C-53D5479242BA}.NET40-Debug|Any CPU.Build.0 = NET40-Debug|Any CPU
		{E4FA5B53-7D36-429E-8E5C-53D5479242BA}.NET40-Debug|x64.ActiveCfg = NET40-Debug|Any CPU
		{E4FA5B53-7D36-429E-8E5C-53D5479242BA}.NET40-Debug|x64.Build.0 = NET40-Debug|Any CPU
		{E4FA5B53-7D36-429E-8E5C-53D5479242BA}.NET40-Debug|x86.ActiveCfg = NET40-Debug|Any CPU
		{E4FA5B53-7D36-429E-8E5C-53D5479242BA}.NET40-Debug|x86.Build.0 = NET40-Debug|Any CPU
		{E4FA5B53-7D36-429E-8E5C-53D5479242BA}.NET40-Release|Any CPU.ActiveCfg = NET40-Release|Any CPU
		{E4FA5B53-7D36-429E-8E5C-53D5479242BA}.NET40-Release|Any CPU.Build.0 = NET40-Release|Any CPU
		{E4FA5B53-7D36-429E-8E5C-53D5479242BA}.NET40-Release|x64.ActiveCfg = NET40-Release|Any CPU
		{E4FA5B53-7D36-429E-8E5C-53D5479242BA}.NET40-Release|x64.Build.0 = NET40-Release|Any CPU
		{E4FA5B53-7D36-429E-8E5C-53D5479242BA}.NET40-Release|x86.ActiveCfg = NET40-Release|Any CPU
		{E4FA5B53-7D36-429E-8E5C-53D5479242BA}.NET40-Release|x86.Build.0 = NET40-Release|Any CPU
		{E4FA5B53-7D36-429E-8E5C-53D5479242BA}.Release|Any CPU.ActiveCfg = MONO28-Release|Any CPU
		{E4FA5B53-7D36-429E-8E5C-53D5479242BA}.Release|Any CPU.Build.0 = MONO28-Release|Any CPU
		{E4FA5B53-7D36-429E-8E5C-53D5479242BA}.Release|x64.ActiveCfg = MONO28-Release|Any CPU
		{E4FA5B53-7D36-429E-8E5C-53D5479242BA}.Release|x64.Build.0 = MONO28-Release|Any CPU
		{E4FA5B53-7D36-429E-8E5C-53D5479242BA}.Release|x86.ActiveCfg = MONO28-Release|Any CPU
		{E4FA5B53-7D36-429E-8E5C-53D5479242BA}.Release|x86.Build.0 = MONO28-Release|Any CPU
		{E4FA5B53-7D36-429E-8E5C-53D5479242BA}.SL40-Debug|Any CPU.ActiveCfg = SL40-Debug|Any CPU
		{E4FA5B53-7D36-429E-8E5C-53D5479242BA}.SL40-Debug|Any CPU.Build.0 = SL40-Debug|Any CPU
		{E4FA5B53-7D36-429E-8E5C-53D5479242BA}.SL40-Debug|x64.ActiveCfg = SL40-Debug|Any CPU
		{E4FA5B53-7D36-429E-8E5C-53D5479242BA}.SL40-Debug|x64.Build.0 = SL40-Debug|Any CPU
		{E4FA5B53-7D36-429E-8E5C-53D5479242BA}.SL40-Debug|x86.ActiveCfg = SL40-Debug|Any CPU
		{E4FA5B53-7D36-429E-8E5C-53D5479242BA}.SL40-Debug|x86.Build.0 = SL40-Debug|Any CPU
		{E4FA5B53-7D36-429E-8E5C-53D5479242BA}.SL40-Release|Any CPU.ActiveCfg = SL40-Release|Any CPU
		{E4FA5B53-7D36-429E-8E5C-53D5479242BA}.SL40-Release|Any CPU.Build.0 = SL40-Release|Any CPU
		{E4FA5B53-7D36-429E-8E5C-53D5479242BA}.SL40-Release|x64.ActiveCfg = SL40-Release|Any CPU
		{E4FA5B53-7D36-429E-8E5C-53D5479242BA}.SL40-Release|x64.Build.0 = SL40-Release|Any CPU
		{E4FA5B53-7D36-429E-8E5C-53D5479242BA}.SL40-Release|x86.ActiveCfg = SL40-Release|Any CPU
		{E4FA5B53-7D36-429E-8E5C-53D5479242BA}.SL40-Release|x86.Build.0 = SL40-Release|Any CPU
		{E4FA5B53-7D36-429E-8E5C-53D5479242BA}.SL4-Debug|Any CPU.ActiveCfg = SL40-Debug|Any CPU
		{E4FA5B53-7D36-429E-8E5C-53D5479242BA}.SL4-Debug|Any CPU.Build.0 = SL40-Debug|Any CPU
		{E4FA5B53-7D36-429E-8E5C-53D5479242BA}.SL4-Debug|x64.ActiveCfg = SL40-Debug|Any CPU
		{E4FA5B53-7D36-429E-8E5C-53D5479242BA}.SL4-Debug|x64.Build.0 = SL40-Debug|Any CPU
		{E4FA5B53-7D36-429E-8E5C-53D5479242BA}.SL4-Debug|x86.ActiveCfg = SL40-Debug|Any CPU
		{E4FA5B53-7D36-429E-8E5C-53D5479242BA}.SL4-Debug|x86.Build.0 = SL40-Debug|Any CPU
		{E4FA5B53-7D36-429E-8E5C-53D5479242BA}.SL4-Release|Any CPU.ActiveCfg = SL40-Debug|Any CPU
		{E4FA5B53-7D36-429E-8E5C-53D5479242BA}.SL4-Release|Any CPU.Build.0 = SL40-Debug|Any CPU
		{E4FA5B53-7D36-429E-8E5C-53D5479242BA}.SL4-Release|x64.ActiveCfg = SL40-Debug|Any CPU
		{E4FA5B53-7D36-429E-8E5C-53D5479242BA}.SL4-Release|x64.Build.0 = SL40-Debug|Any CPU
		{E4FA5B53-7D36-429E-8E5C-53D5479242BA}.SL4-Release|x86.ActiveCfg = SL40-Debug|Any CPU
		{E4FA5B53-7D36-429E-8E5C-53D5479242BA}.SL4-Release|x86.Build.0 = SL40-Debug|Any CPU
		{60EFCB9B-E3FF-46A5-A2D2-D9F0EF75D5FE}.Debug|Any CPU.ActiveCfg = NET40-Debug|Any CPU
		{60EFCB9B-E3FF-46A5-A2D2-D9F0EF75D5FE}.Debug|Any CPU.Build.0 = NET40-Debug|Any CPU
		{60EFCB9B-E3FF-46A5-A2D2-D9F0EF75D5FE}.Debug|x64.ActiveCfg = NET40-Debug|Any CPU
		{60EFCB9B-E3FF-46A5-A2D2-D9F0EF75D5FE}.Debug|x64.Build.0 = NET40-Debug|Any CPU
		{60EFCB9B-E3FF-46A5-A2D2-D9F0EF75D5FE}.Debug|x86.ActiveCfg = MONO28-Debug|Any CPU
		{60EFCB9B-E3FF-46A5-A2D2-D9F0EF75D5FE}.Debug|x86.Build.0 = MONO28-Debug|Any CPU
		{60EFCB9B-E3FF-46A5-A2D2-D9F0EF75D5FE}.MONO26-Debug|Any CPU.ActiveCfg = MONO26-Debug|Any CPU
		{60EFCB9B-E3FF-46A5-A2D2-D9F0EF75D5FE}.MONO26-Debug|Any CPU.Build.0 = MONO26-Debug|Any CPU
		{60EFCB9B-E3FF-46A5-A2D2-D9F0EF75D5FE}.MONO26-Debug|x64.ActiveCfg = MONO26-Debug|Any CPU
		{60EFCB9B-E3FF-46A5-A2D2-D9F0EF75D5FE}.MONO26-Debug|x64.Build.0 = MONO26-Debug|Any CPU
		{60EFCB9B-E3FF-46A5-A2D2-D9F0EF75D5FE}.MONO26-Debug|x86.ActiveCfg = MONO26-Debug|Any CPU
		{60EFCB9B-E3FF-46A5-A2D2-D9F0EF75D5FE}.MONO26-Debug|x86.Build.0 = MONO26-Debug|Any CPU
		{60EFCB9B-E3FF-46A5-A2D2-D9F0EF75D5FE}.MONO26-Release|Any CPU.ActiveCfg = MONO26-Release|Any CPU
		{60EFCB9B-E3FF-46A5-A2D2-D9F0EF75D5FE}.MONO26-Release|Any CPU.Build.0 = MONO26-Release|Any CPU
		{60EFCB9B-E3FF-46A5-A2D2-D9F0EF75D5FE}.MONO26-Release|x64.ActiveCfg = MONO26-Release|Any CPU
		{60EFCB9B-E3FF-46A5-A2D2-D9F0EF75D5FE}.MONO26-Release|x64.Build.0 = MONO26-Release|Any CPU
		{60EFCB9B-E3FF-46A5-A2D2-D9F0EF75D5FE}.MONO26-Release|x86.ActiveCfg = MONO26-Release|Any CPU
		{60EFCB9B-E3FF-46A5-A2D2-D9F0EF75D5FE}.MONO26-Release|x86.Build.0 = MONO26-Release|Any CPU
		{60EFCB9B-E3FF-46A5-A2D2-D9F0EF75D5FE}.MONO28-Debug|Any CPU.ActiveCfg = MONO28-Debug|Any CPU
		{60EFCB9B-E3FF-46A5-A2D2-D9F0EF75D5FE}.MONO28-Debug|Any CPU.Build.0 = MONO28-Debug|Any CPU
		{60EFCB9B-E3FF-46A5-A2D2-D9F0EF75D5FE}.MONO28-Debug|x64.ActiveCfg = MONO28-Debug|Any CPU
		{60EFCB9B-E3FF-46A5-A2D2-D9F0EF75D5FE}.MONO28-Debug|x64.Build.0 = MONO28-Debug|Any CPU
		{60EFCB9B-E3FF-46A5-A2D2-D9F0EF75D5FE}.MONO28-Debug|x86.ActiveCfg = MONO28-Debug|Any CPU
		{60EFCB9B-E3FF-46A5-A2D2-D9F0EF75D5FE}.MONO28-Debug|x86.Build.0 = MONO28-Debug|Any CPU
		{60EFCB9B-E3FF-46A5-A2D2-D9F0EF75D5FE}.MONO28-Release|Any CPU.ActiveCfg = MONO28-Release|Any CPU
		{60EFCB9B-E3FF-46A5-A2D2-D9F0EF75D5FE}.MONO28-Release|Any CPU.Build.0 = MONO28-Release|Any CPU
		{60EFCB9B-E3FF-46A5-A2D2-D9F0EF75D5FE}.MONO28-Release|x64.ActiveCfg = MONO28-Release|Any CPU
		{60EFCB9B-E3FF-46A5-A2D2-D9F0EF75D5FE}.MONO28-Release|x64.Build.0 = MONO28-Release|Any CPU
		{60EFCB9B-E3FF-46A5-A2D2-D9F0EF75D5FE}.MONO28-Release|x86.ActiveCfg = MONO28-Release|Any CPU
		{60EFCB9B-E3FF-46A5-A2D2-D9F0EF75D5FE}.MONO28-Release|x86.Build.0 = MONO28-Release|Any CPU
		{60EFCB9B-E3FF-46A5-A2D2-D9F0EF75D5FE}.NET35-Debug|Any CPU.ActiveCfg = NET35-Debug|Any CPU
		{60EFCB9B-E3FF-46A5-A2D2-D9F0EF75D5FE}.NET35-Debug|Any CPU.Build.0 = NET35-Debug|Any CPU
		{60EFCB9B-E3FF-46A5-A2D2-D9F0EF75D5FE}.NET35-Debug|x64.ActiveCfg = NET35-Debug|Any CPU
		{60EFCB9B-E3FF-46A5-A2D2-D9F0EF75D5FE}.NET35-Debug|x64.Build.0 = NET35-Debug|Any CPU
		{60EFCB9B-E3FF-46A5-A2D2-D9F0EF75D5FE}.NET35-Debug|x86.ActiveCfg = NET35-Debug|Any CPU
		{60EFCB9B-E3FF-46A5-A2D2-D9F0EF75D5FE}.NET35-Debug|x86.Build.0 = NET35-Debug|Any CPU
		{60EFCB9B-E3FF-46A5-A2D2-D9F0EF75D5FE}.NET35-Release|Any CPU.ActiveCfg = NET35-Release|Any CPU
		{60EFCB9B-E3FF-46A5-A2D2-D9F0EF75D5FE}.NET35-Release|Any CPU.Build.0 = NET35-Release|Any CPU
		{60EFCB9B-E3FF-46A5-A2D2-D9F0EF75D5FE}.NET35-Release|x64.ActiveCfg = NET35-Release|Any CPU
		{60EFCB9B-E3FF-46A5-A2D2-D9F0EF75D5FE}.NET35-Release|x64.Build.0 = NET35-Release|Any CPU
		{60EFCB9B-E3FF-46A5-A2D2-D9F0EF75D5FE}.NET35-Release|x86.ActiveCfg = NET35-Release|Any CPU
		{60EFCB9B-E3FF-46A5-A2D2-D9F0EF75D5FE}.NET35-Release|x86.Build.0 = NET35-Release|Any CPU
		{60EFCB9B-E3FF-46A5-A2D2-D9F0EF75D5FE}.NET40CP-Debug|Any CPU.ActiveCfg = NET40CP-Debug|Any CPU
		{60EFCB9B-E3FF-46A5-A2D2-D9F0EF75D5FE}.NET40CP-Debug|Any CPU.Build.0 = NET40CP-Debug|Any CPU
		{60EFCB9B-E3FF-46A5-A2D2-D9F0EF75D5FE}.NET40CP-Debug|x64.ActiveCfg = NET40CP-Debug|Any CPU
		{60EFCB9B-E3FF-46A5-A2D2-D9F0EF75D5FE}.NET40CP-Debug|x64.Build.0 = NET40CP-Debug|Any CPU
		{60EFCB9B-E3FF-46A5-A2D2-D9F0EF75D5FE}.NET40CP-Debug|x86.ActiveCfg = NET40CP-Debug|Any CPU
		{60EFCB9B-E3FF-46A5-A2D2-D9F0EF75D5FE}.NET40CP-Debug|x86.Build.0 = NET40CP-Debug|Any CPU
		{60EFCB9B-E3FF-46A5-A2D2-D9F0EF75D5FE}.NET40CP-Release|Any CPU.ActiveCfg = NET40CP-Release|Any CPU
		{60EFCB9B-E3FF-46A5-A2D2-D9F0EF75D5FE}.NET40CP-Release|Any CPU.Build.0 = NET40CP-Release|Any CPU
		{60EFCB9B-E3FF-46A5-A2D2-D9F0EF75D5FE}.NET40CP-Release|x64.ActiveCfg = NET40CP-Release|Any CPU
		{60EFCB9B-E3FF-46A5-A2D2-D9F0EF75D5FE}.NET40CP-Release|x64.Build.0 = NET40CP-Release|Any CPU
		{60EFCB9B-E3FF-46A5-A2D2-D9F0EF75D5FE}.NET40CP-Release|x86.ActiveCfg = NET40CP-Release|Any CPU
		{60EFCB9B-E3FF-46A5-A2D2-D9F0EF75D5FE}.NET40CP-Release|x86.Build.0 = NET40CP-Release|Any CPU
		{60EFCB9B-E3FF-46A5-A2D2-D9F0EF75D5FE}.NET40-Debug|Any CPU.ActiveCfg = NET40-Debug|Any CPU
		{60EFCB9B-E3FF-46A5-A2D2-D9F0EF75D5FE}.NET40-Debug|Any CPU.Build.0 = NET40-Debug|Any CPU
		{60EFCB9B-E3FF-46A5-A2D2-D9F0EF75D5FE}.NET40-Debug|x64.ActiveCfg = NET40-Debug|Any CPU
		{60EFCB9B-E3FF-46A5-A2D2-D9F0EF75D5FE}.NET40-Debug|x64.Build.0 = NET40-Debug|Any CPU
		{60EFCB9B-E3FF-46A5-A2D2-D9F0EF75D5FE}.NET40-Debug|x86.ActiveCfg = NET40-Debug|Any CPU
		{60EFCB9B-E3FF-46A5-A2D2-D9F0EF75D5FE}.NET40-Debug|x86.Build.0 = NET40-Debug|Any CPU
		{60EFCB9B-E3FF-46A5-A2D2-D9F0EF75D5FE}.NET40-Release|Any CPU.ActiveCfg = NET40-Release|Any CPU
		{60EFCB9B-E3FF-46A5-A2D2-D9F0EF75D5FE}.NET40-Release|Any CPU.Build.0 = NET40-Release|Any CPU
		{60EFCB9B-E3FF-46A5-A2D2-D9F0EF75D5FE}.NET40-Release|x64.ActiveCfg = NET40-Release|Any CPU
		{60EFCB9B-E3FF-46A5-A2D2-D9F0EF75D5FE}.NET40-Release|x64.Build.0 = NET40-Release|Any CPU
		{60EFCB9B-E3FF-46A5-A2D2-D9F0EF75D5FE}.NET40-Release|x86.ActiveCfg = NET40-Release|Any CPU
		{60EFCB9B-E3FF-46A5-A2D2-D9F0EF75D5FE}.NET40-Release|x86.Build.0 = NET40-Release|Any CPU
		{60EFCB9B-E3FF-46A5-A2D2-D9F0EF75D5FE}.Release|Any CPU.ActiveCfg = MONO28-Release|Any CPU
		{60EFCB9B-E3FF-46A5-A2D2-D9F0EF75D5FE}.Release|Any CPU.Build.0 = MONO28-Release|Any CPU
		{60EFCB9B-E3FF-46A5-A2D2-D9F0EF75D5FE}.Release|x64.ActiveCfg = MONO28-Release|Any CPU
		{60EFCB9B-E3FF-46A5-A2D2-D9F0EF75D5FE}.Release|x64.Build.0 = MONO28-Release|Any CPU
		{60EFCB9B-E3FF-46A5-A2D2-D9F0EF75D5FE}.Release|x86.ActiveCfg = MONO28-Release|Any CPU
		{60EFCB9B-E3FF-46A5-A2D2-D9F0EF75D5FE}.Release|x86.Build.0 = MONO28-Release|Any CPU
		{60EFCB9B-E3FF-46A5-A2D2-D9F0EF75D5FE}.SL40-Debug|Any CPU.ActiveCfg = SL4-Debug|Any CPU
		{60EFCB9B-E3FF-46A5-A2D2-D9F0EF75D5FE}.SL40-Debug|Any CPU.Build.0 = SL4-Debug|Any CPU
		{60EFCB9B-E3FF-46A5-A2D2-D9F0EF75D5FE}.SL40-Debug|x64.ActiveCfg = SL4-Debug|Any CPU
		{60EFCB9B-E3FF-46A5-A2D2-D9F0EF75D5FE}.SL40-Debug|x64.Build.0 = SL4-Debug|Any CPU
		{60EFCB9B-E3FF-46A5-A2D2-D9F0EF75D5FE}.SL40-Debug|x86.ActiveCfg = SL4-Debug|Any CPU
		{60EFCB9B-E3FF-46A5-A2D2-D9F0EF75D5FE}.SL40-Debug|x86.Build.0 = SL4-Debug|Any CPU
		{60EFCB9B-E3FF-46A5-A2D2-D9F0EF75D5FE}.SL40-Release|Any CPU.ActiveCfg = SL4-Debug|Any CPU
		{60EFCB9B-E3FF-46A5-A2D2-D9F0EF75D5FE}.SL40-Release|Any CPU.Build.0 = SL4-Debug|Any CPU
		{60EFCB9B-E3FF-46A5-A2D2-D9F0EF75D5FE}.SL40-Release|x64.ActiveCfg = SL4-Debug|Any CPU
		{60EFCB9B-E3FF-46A5-A2D2-D9F0EF75D5FE}.SL40-Release|x64.Build.0 = SL4-Debug|Any CPU
		{60EFCB9B-E3FF-46A5-A2D2-D9F0EF75D5FE}.SL40-Release|x86.ActiveCfg = SL4-Debug|Any CPU
		{60EFCB9B-E3FF-46A5-A2D2-D9F0EF75D5FE}.SL40-Release|x86.Build.0 = SL4-Debug|Any CPU
		{60EFCB9B-E3FF-46A5-A2D2-D9F0EF75D5FE}.SL4-Debug|Any CPU.ActiveCfg = SL4-Debug|Any CPU
		{60EFCB9B-E3FF-46A5-A2D2-D9F0EF75D5FE}.SL4-Debug|Any CPU.Build.0 = SL4-Debug|Any CPU
		{60EFCB9B-E3FF-46A5-A2D2-D9F0EF75D5FE}.SL4-Debug|x64.ActiveCfg = SL4-Debug|Any CPU
		{60EFCB9B-E3FF-46A5-A2D2-D9F0EF75D5FE}.SL4-Debug|x64.Build.0 = SL4-Debug|Any CPU
		{60EFCB9B-E3FF-46A5-A2D2-D9F0EF75D5FE}.SL4-Debug|x86.ActiveCfg = SL4-Debug|Any CPU
		{60EFCB9B-E3FF-46A5-A2D2-D9F0EF75D5FE}.SL4-Debug|x86.Build.0 = SL4-Debug|Any CPU
		{60EFCB9B-E3FF-46A5-A2D2-D9F0EF75D5FE}.SL4-Release|Any CPU.ActiveCfg = SL4-Release|Any CPU
		{60EFCB9B-E3FF-46A5-A2D2-D9F0EF75D5FE}.SL4-Release|Any CPU.Build.0 = SL4-Release|Any CPU
		{60EFCB9B-E3FF-46A5-A2D2-D9F0EF75D5FE}.SL4-Release|x64.ActiveCfg = SL4-Release|Any CPU
		{60EFCB9B-E3FF-46A5-A2D2-D9F0EF75D5FE}.SL4-Release|x64.Build.0 = SL4-Release|Any CPU
		{60EFCB9B-E3FF-46A5-A2D2-D9F0EF75D5FE}.SL4-Release|x86.ActiveCfg = SL4-Release|Any CPU
		{60EFCB9B-E3FF-46A5-A2D2-D9F0EF75D5FE}.SL4-Release|x86.Build.0 = SL4-Release|Any CPU
	EndGlobalSection
	GlobalSection(SolutionProperties) = preSolution
		HideSolutionNode = FALSE
	EndGlobalSection
EndGlobal
